
Microsoft Visual Studio Solution File, Format Version 12.00
# Visual Studio Version 17
VisualStudioVersion = 17.10.35013.160
MinimumVisualStudioVersion = 10.0.40219.1
Project("{888888A0-9F3D-457C-B088-3A5042F75D52}") = "TACA_baja_dim_RL", "TACA_baja_dim_RL.pyproj", "{5849CEB4-4404-40E3-8F05-0591ACCB41E5}"
EndProject
Global
	GlobalSection(SolutionConfigurationPlatforms) = preSolution
		Debug|Any CPU = Debug|Any CPU
		Release|Any CPU = Release|Any CPU
	EndGlobalSection
	GlobalSection(ProjectConfigurationPlatforms) = postSolution
		{5849CEB4-4404-40E3-8F05-0591ACCB41E5}.Debug|Any CPU.ActiveCfg = Debug|Any CPU
		{5849CEB4-4404-40E3-8F05-0591ACCB41E5}.Release|Any CPU.ActiveCfg = Release|Any CPU
	EndGlobalSection
	GlobalSection(SolutionProperties) = preSolution
		HideSolutionNode = FALSE
	EndGlobalSection
	GlobalSection(ExtensibilityGlobals) = postSolution
		SolutionGuid = {32B3E0CF-5C6D-467C-8885-E911154FC432}
	EndGlobalSection
EndGlobal
